
Microsoft Visual Studio Solution File, Format Version 12.00
# Visual Studio Version 16
VisualStudioVersion = 16.0.29230.47
MinimumVisualStudioVersion = 10.0.40219.1
Project("{FAE04EC0-301F-11D3-BF4B-00C04F79EFBC}") = "Sofia_Course", "Sofia_Course\Sofia_Course.csproj", "{C79FD695-3052-4FDE-BC9E-385284E39E73}"
EndProject
Global
	GlobalSection(SolutionConfigurationPlatforms) = preSolution
		Debug|Any CPU = Debug|Any CPU
		Release|Any CPU = Release|Any CPU
	EndGlobalSection
	GlobalSection(ProjectConfigurationPlatforms) = postSolution
		{C79FD695-3052-4FDE-BC9E-385284E39E73}.Debug|Any CPU.ActiveCfg = Debug|Any CPU
		{C79FD695-3052-4FDE-BC9E-385284E39E73}.Debug|Any CPU.Build.0 = Debug|Any CPU
		{C79FD695-3052-4FDE-BC9E-385284E39E73}.Release|Any CPU.ActiveCfg = Release|Any CPU
		{C79FD695-3052-4FDE-BC9E-385284E39E73}.Release|Any CPU.Build.0 = Release|Any CPU
	EndGlobalSection
	GlobalSection(SolutionProperties) = preSolution
		HideSolutionNode = FALSE
	EndGlobalSection
	GlobalSection(ExtensibilityGlobals) = postSolution
		SolutionGuid = {7A0A67BE-4DFC-4268-8A80-14635F0C7B06}
	EndGlobalSection
EndGlobal
